
Microsoft Visual Studio Solution File, Format Version 12.00
# Visual Studio Version 17
VisualStudioVersion = 17.14.36518.9 d17.14
MinimumVisualStudioVersion = 10.0.40219.1
Project("{FAE04EC0-301F-11D3-BF4B-00C04F79EFBC}") = "TestDB", "TestDB.csproj", "{2AFDA501-A0DA-4F00-983B-EDFE68A68477}"
EndProject
Global
	GlobalSection(SolutionConfigurationPlatforms) = preSolution
		Debug|Any CPU = Debug|Any CPU
		Release|Any CPU = Release|Any CPU
	EndGlobalSection
	GlobalSection(ProjectConfigurationPlatforms) = postSolution
		{2AFDA501-A0DA-4F00-983B-EDFE68A68477}.Debug|Any CPU.ActiveCfg = Debug|Any CPU
		{2AFDA501-A0DA-4F00-983B-EDFE68A68477}.Debug|Any CPU.Build.0 = Debug|Any CPU
		{2AFDA501-A0DA-4F00-983B-EDFE68A68477}.Release|Any CPU.ActiveCfg = Release|Any CPU
		{2AFDA501-A0DA-4F00-983B-EDFE68A68477}.Release|Any CPU.Build.0 = Release|Any CPU
	EndGlobalSection
	GlobalSection(SolutionProperties) = preSolution
		HideSolutionNode = FALSE
	EndGlobalSection
	GlobalSection(ExtensibilityGlobals) = postSolution
		SolutionGuid = {632A51A2-2BC2-4602-8A87-AAB2A4972E38}
	EndGlobalSection
EndGlobal
